// !$*UTF8*$!
{
	archiveVersion = 1;
	classes = {
	};
	objectVersion = 50;
	objects = {

/* Begin PBXBuildFile section */
		B3C9439620F3441500AA1D33 /* AppDelegate.m in Sources */ = {isa = PBXBuildFile; fileRef = B3C9439520F3441500AA1D33 /* AppDelegate.m */; };
		B3C9439920F3441500AA1D33 /* ViewController.m in Sources */ = {isa = PBXBuildFile; fileRef = B3C9439820F3441500AA1D33 /* ViewController.m */; };
		B3C9439C20F3441500AA1D33 /* Main.storyboard in Resources */ = {isa = PBXBuildFile; fileRef = B3C9439A20F3441500AA1D33 /* Main.storyboard */; };
		B3C9439E20F3441A00AA1D33 /* Assets.xcassets in Resources */ = {isa = PBXBuildFile; fileRef = B3C9439D20F3441A00AA1D33 /* Assets.xcassets */; };
		B3C943A120F3441A00AA1D33 /* LaunchScreen.storyboard in Resources */ = {isa = PBXBuildFile; fileRef = B3C9439F20F3441A00AA1D33 /* LaunchScreen.storyboard */; };
		B3C943A420F3441A00AA1D33 /* main.m in Sources */ = {isa = PBXBuildFile; fileRef = B3C943A320F3441A00AA1D33 /* main.m */; };
		B3C943AE20F3441A00AA1D33 /* ALUtilsOCTests.m in Sources */ = {isa = PBXBuildFile; fileRef = B3C943AD20F3441A00AA1D33 /* ALUtilsOCTests.m */; };
		B3C943B920F3441A00AA1D33 /* ALUtilsOCUITests.m in Sources */ = {isa = PBXBuildFile; fileRef = B3C943B820F3441A00AA1D33 /* ALUtilsOCUITests.m */; };
/* End PBXBuildFile section */

/* Begin PBXContainerItemProxy section */
		B3C943AA20F3441A00AA1D33 /* PBXContainerItemProxy */ = {
			isa = PBXContainerItemProxy;
			containerPortal = B3C9438920F3441500AA1D33 /* Project object */;
			proxyType = 1;
			remoteGlobalIDString = B3C9439020F3441500AA1D33;
			remoteInfo = ALUtilsOC;
		};
		B3C943B520F3441A00AA1D33 /* PBXContainerItemProxy */ = {
			isa = PBXContainerItemProxy;
			containerPortal = B3C9438920F3441500AA1D33 /* Project object */;
			proxyType = 1;
			remoteGlobalIDString = B3C9439020F3441500AA1D33;
			remoteInfo = ALUtilsOC;
		};
/* End PBXContainerItemProxy section */

/* Begin PBXFileReference section */
		B3C9439120F3441500AA1D33 /* ALUtilsOC.app */ = {isa = PBXFileReference; explicitFileType = wrapper.application; includeInIndex = 0; path = ALUtilsOC.app; sourceTree = BUILT_PRODUCTS_DIR; };
		B3C9439420F3441500AA1D33 /* AppDelegate.h */ = {isa = PBXFileReference; lastKnownFileType = sourcecode.c.h; path = AppDelegate.h; sourceTree = "<group>"; };
		B3C9439520F3441500AA1D33 /* AppDelegate.m */ = {isa = PBXFileReference; lastKnownFileType = sourcecode.c.objc; path = AppDelegate.m; sourceTree = "<group>"; };
		B3C9439720F3441500AA1D33 /* ViewController.h */ = {isa = PBXFileReference; lastKnownFileType = sourcecode.c.h; path = ViewController.h; sourceTree = "<group>"; };
		B3C9439820F3441500AA1D33 /* ViewController.m */ = {isa = PBXFileReference; lastKnownFileType = sourcecode.c.objc; path = ViewController.m; sourceTree = "<group>"; };
		B3C9439B20F3441500AA1D33 /* Base */ = {isa = PBXFileReference; lastKnownFileType = file.storyboard; name = Base; path = Base.lproj/Main.storyboard; sourceTree = "<group>"; };
		B3C9439D20F3441A00AA1D33 /* Assets.xcassets */ = {isa = PBXFileReference; lastKnownFileType = folder.assetcatalog; path = Assets.xcassets; sourceTree = "<group>"; };
		B3C943A020F3441A00AA1D33 /* Base */ = {isa = PBXFileReference; lastKnownFileType = file.storyboard; name = Base; path = Base.lproj/LaunchScreen.storyboard; sourceTree = "<group>"; };
		B3C943A220F3441A00AA1D33 /* Info.plist */ = {isa = PBXFileReference; lastKnownFileType = text.plist.xml; path = Info.plist; sourceTree = "<group>"; };
		B3C943A320F3441A00AA1D33 /* main.m */ = {isa = PBXFileReference; lastKnownFileType = sourcecode.c.objc; path = main.m; sourceTree = "<group>"; };
		B3C943A920F3441A00AA1D33 /* ALUtilsOCTests.xctest */ = {isa = PBXFileReference; explicitFileType = wrapper.cfbundle; includeInIndex = 0; path = ALUtilsOCTests.xctest; sourceTree = BUILT_PRODUCTS_DIR; };
		B3C943AD20F3441A00AA1D33 /* ALUtilsOCTests.m */ = {isa = PBXFileReference; lastKnownFileType = sourcecode.c.objc; path = ALUtilsOCTests.m; sourceTree = "<group>"; };
		B3C943AF20F3441A00AA1D33 /* Info.plist */ = {isa = PBXFileReference; lastKnownFileType = text.plist.xml; path = Info.plist; sourceTree = "<group>"; };
		B3C943B420F3441A00AA1D33 /* ALUtilsOCUITests.xctest */ = {isa = PBXFileReference; explicitFileType = wrapper.cfbundle; includeInIndex = 0; path = ALUtilsOCUITests.xctest; sourceTree = BUILT_PRODUCTS_DIR; };
		B3C943B820F3441A00AA1D33 /* ALUtilsOCUITests.m */ = {isa = PBXFileReference; lastKnownFileType = sourcecode.c.objc; path = ALUtilsOCUITests.m; sourceTree = "<group>"; };
		B3C943BA20F3441A00AA1D33 /* Info.plist */ = {isa = PBXFileReference; lastKnownFileType = text.plist.xml; path = Info.plist; sourceTree = "<group>"; };
/* End PBXFileReference section */

/* Begin PBXFrameworksBuildPhase section */
		B3C9438E20F3441500AA1D33 /* Frameworks */ = {
			isa = PBXFrameworksBuildPhase;
			buildActionMask = 2147483647;
			files = (
			);
			runOnlyForDeploymentPostprocessing = 0;
		};
		B3C943A620F3441A00AA1D33 /* Frameworks */ = {
			isa = PBXFrameworksBuildPhase;
			buildActionMask = 2147483647;
			files = (
			);
			runOnlyForDeploymentPostprocessing = 0;
		};
		B3C943B120F3441A00AA1D33 /* Frameworks */ = {
			isa = PBXFrameworksBuildPhase;
			buildActionMask = 2147483647;
			files = (
			);
			runOnlyForDeploymentPostprocessing = 0;
		};
/* End PBXFrameworksBuildPhase section */

/* Begin PBXGroup section */
		B3C9438820F3441500AA1D33 = {
			isa = PBXGroup;
			children = (
				B3C9439320F3441500AA1D33 /* ALUtilsOC */,
				B3C943AC20F3441A00AA1D33 /* ALUtilsOCTests */,
				B3C943B720F3441A00AA1D33 /* ALUtilsOCUITests */,
				B3C9439220F3441500AA1D33 /* Products */,
			);
			sourceTree = "<group>";
		};
		B3C9439220F3441500AA1D33 /* Products */ = {
			isa = PBXGroup;
			children = (
				B3C9439120F3441500AA1D33 /* ALUtilsOC.app */,
				B3C943A920F3441A00AA1D33 /* ALUtilsOCTests.xctest */,
				B3C943B420F3441A00AA1D33 /* ALUtilsOCUITests.xctest */,
			);
			name = Products;
			sourceTree = "<group>";
		};
		B3C9439320F3441500AA1D33 /* ALUtilsOC */ = {
			isa = PBXGroup;
			children = (
				B3C9439420F3441500AA1D33 /* AppDelegate.h */,
				B3C9439520F3441500AA1D33 /* AppDelegate.m */,
				B3C9439720F3441500AA1D33 /* ViewController.h */,
				B3C9439820F3441500AA1D33 /* ViewController.m */,
				B3C9439A20F3441500AA1D33 /* Main.storyboard */,
				B3C9439D20F3441A00AA1D33 /* Assets.xcassets */,
				B3C9439F20F3441A00AA1D33 /* LaunchScreen.storyboard */,
				B3C943A220F3441A00AA1D33 /* Info.plist */,
				B3C943A320F3441A00AA1D33 /* main.m */,
			);
			path = ALUtilsOC;
			sourceTree = "<group>";
		};
		B3C943AC20F3441A00AA1D33 /* ALUtilsOCTests */ = {
			isa = PBXGroup;
			children = (
				B3C943AD20F3441A00AA1D33 /* ALUtilsOCTests.m */,
				B3C943AF20F3441A00AA1D33 /* Info.plist */,
			);
			path = ALUtilsOCTests;
			sourceTree = "<group>";
		};
		B3C943B720F3441A00AA1D33 /* ALUtilsOCUITests */ = {
			isa = PBXGroup;
			children = (
				B3C943B820F3441A00AA1D33 /* ALUtilsOCUITests.m */,
				B3C943BA20F3441A00AA1D33 /* Info.plist */,
			);
			path = ALUtilsOCUITests;
			sourceTree = "<group>";
		};
/* End PBXGroup section */

/* Begin PBXNativeTarget section */
		B3C9439020F3441500AA1D33 /* ALUtilsOC */ = {
			isa = PBXNativeTarget;
			buildConfigurationList = B3C943BD20F3441A00AA1D33 /* Build configuration list for PBXNativeTarget "ALUtilsOC" */;
			buildPhases = (
				B3C9438D20F3441500AA1D33 /* Sources */,
				B3C9438E20F3441500AA1D33 /* Frameworks */,
				B3C9438F20F3441500AA1D33 /* Resources */,
			);
			buildRules = (
			);
			dependencies = (
			);
			name = ALUtilsOC;
			productName = ALUtilsOC;
			productReference = B3C9439120F3441500AA1D33 /* ALUtilsOC.app */;
			productType = "com.apple.product-type.application";
		};
		B3C943A820F3441A00AA1D33 /* ALUtilsOCTests */ = {
			isa = PBXNativeTarget;
			buildConfigurationList = B3C943C020F3441A00AA1D33 /* Build configuration list for PBXNativeTarget "ALUtilsOCTests" */;
			buildPhases = (
				B3C943A520F3441A00AA1D33 /* Sources */,
				B3C943A620F3441A00AA1D33 /* Frameworks */,
				B3C943A720F3441A00AA1D33 /* Resources */,
			);
			buildRules = (
			);
			dependencies = (
				B3C943AB20F3441A00AA1D33 /* PBXTargetDependency */,
			);
			name = ALUtilsOCTests;
			productName = ALUtilsOCTests;
			productReference = B3C943A920F3441A00AA1D33 /* ALUtilsOCTests.xctest */;
			productType = "com.apple.product-type.bundle.unit-test";
		};
		B3C943B320F3441A00AA1D33 /* ALUtilsOCUITests */ = {
			isa = PBXNativeTarget;
			buildConfigurationList = B3C943C320F3441A00AA1D33 /* Build configuration list for PBXNativeTarget "ALUtilsOCUITests" */;
			buildPhases = (
				B3C943B020F3441A00AA1D33 /* Sources */,
				B3C943B120F3441A00AA1D33 /* Frameworks */,
				B3C943B220F3441A00AA1D33 /* Resources */,
			);
			buildRules = (
			);
			dependencies = (
				B3C943B620F3441A00AA1D33 /* PBXTargetDependency */,
			);
			name = ALUtilsOCUITests;
			productName = ALUtilsOCUITests;
			productReference = B3C943B420F3441A00AA1D33 /* ALUtilsOCUITests.xctest */;
			productType = "com.apple.product-type.bundle.ui-testing";
		};
/* End PBXNativeTarget section */

/* Begin PBXProject section */
		B3C9438920F3441500AA1D33 /* Project object */ = {
			isa = PBXProject;
			attributes = {
				LastUpgradeCheck = 0940;
				ORGANIZATIONNAME = "iOS Develop Utils";
				TargetAttributes = {
					B3C9439020F3441500AA1D33 = {
						CreatedOnToolsVersion = 9.4.1;
					};
					B3C943A820F3441A00AA1D33 = {
						CreatedOnToolsVersion = 9.4.1;
						TestTargetID = B3C9439020F3441500AA1D33;
					};
					B3C943B320F3441A00AA1D33 = {
						CreatedOnToolsVersion = 9.4.1;
						TestTargetID = B3C9439020F3441500AA1D33;
					};
				};
			};
			buildConfigurationList = B3C9438C20F3441500AA1D33 /* Build configuration list for PBXProject "ALUtilsOC" */;
			compatibilityVersion = "Xcode 9.3";
			developmentRegion = en;
			hasScannedForEncodings = 0;
			knownRegions = (
				en,
				Base,
			);
			mainGroup = B3C9438820F3441500AA1D33;
			productRefGroup = B3C9439220F3441500AA1D33 /* Products */;
			projectDirPath = "";
			projectRoot = "";
			targets = (
				B3C9439020F3441500AA1D33 /* ALUtilsOC */,
				B3C943A820F3441A00AA1D33 /* ALUtilsOCTests */,
				B3C943B320F3441A00AA1D33 /* ALUtilsOCUITests */,
			);
		};
/* End PBXProject section */

/* Begin PBXResourcesBuildPhase section */
		B3C9438F20F3441500AA1D33 /* Resources */ = {
			isa = PBXResourcesBuildPhase;
			buildActionMask = 2147483647;
			files = (
				B3C943A120F3441A00AA1D33 /* LaunchScreen.storyboard in Resources */,
				B3C9439E20F3441A00AA1D33 /* Assets.xcassets in Resources */,
				B3C9439C20F3441500AA1D33 /* Main.storyboard in Resources */,
			);
			runOnlyForDeploymentPostprocessing = 0;
		};
		B3C943A720F3441A00AA1D33 /* Resources */ = {
			isa = PBXResourcesBuildPhase;
			buildActionMask = 2147483647;
			files = (
			);
			runOnlyForDeploymentPostprocessing = 0;
		};
		B3C943B220F3441A00AA1D33 /* Resources */ = {
			isa = PBXResourcesBuildPhase;
			buildActionMask = 2147483647;
			files = (
			);
			runOnlyForDeploymentPostprocessing = 0;
		};
/* End PBXResourcesBuildPhase section */

/* Begin PBXSourcesBuildPhase section */
		B3C9438D20F3441500AA1D33 /* Sources */ = {
			isa = PBXSourcesBuildPhase;
			buildActionMask = 2147483647;
			files = (
				B3C9439920F3441500AA1D33 /* ViewController.m in Sources */,
				B3C943A420F3441A00AA1D33 /* main.m in Sources */,
				B3C9439620F3441500AA1D33 /* AppDelegate.m in Sources */,
			);
			runOnlyForDeploymentPostprocessing = 0;
		};
		B3C943A520F3441A00AA1D33 /* Sources */ = {
			isa = PBXSourcesBuildPhase;
			buildActionMask = 2147483647;
			files = (
				B3C943AE20F3441A00AA1D33 /* ALUtilsOCTests.m in Sources */,
			);
			runOnlyForDeploymentPostprocessing = 0;
		};
		B3C943B020F3441A00AA1D33 /* Sources */ = {
			isa = PBXSourcesBuildPhase;
			buildActionMask = 2147483647;
			files = (
				B3C943B920F3441A00AA1D33 /* ALUtilsOCUITests.m in Sources */,
			);
			runOnlyForDeploymentPostprocessing = 0;
		};
/* End PBXSourcesBuildPhase section */

/* Begin PBXTargetDependency section */
		B3C943AB20F3441A00AA1D33 /* PBXTargetDependency */ = {
			isa = PBXTargetDependency;
			target = B3C9439020F3441500AA1D33 /* ALUtilsOC */;
			targetProxy = B3C943AA20F3441A00AA1D33 /* PBXContainerItemProxy */;
		};
		B3C943B620F3441A00AA1D33 /* PBXTargetDependency */ = {
			isa = PBXTargetDependency;
			target = B3C9439020F3441500AA1D33 /* ALUtilsOC */;
			targetProxy = B3C943B520F3441A00AA1D33 /* PBXContainerItemProxy */;
		};
/* End PBXTargetDependency section */

/* Begin PBXVariantGroup section */
		B3C9439A20F3441500AA1D33 /* Main.storyboard */ = {
			isa = PBXVariantGroup;
			children = (
				B3C9439B20F3441500AA1D33 /* Base */,
			);
			name = Main.storyboard;
			sourceTree = "<group>";
		};
		B3C9439F20F3441A00AA1D33 /* LaunchScreen.storyboard */ = {
			isa = PBXVariantGroup;
			children = (
				B3C943A020F3441A00AA1D33 /* Base */,
			);
			name = LaunchScreen.storyboard;
			sourceTree = "<group>";
		};
/* End PBXVariantGroup section */

/* Begin XCBuildConfiguration section */
		B3C943BB20F3441A00AA1D33 /* Debug */ = {
			isa = XCBuildConfiguration;
			buildSettings = {
				ALWAYS_SEARCH_USER_PATHS = NO;
				CLANG_ANALYZER_NONNULL = YES;
				CLANG_ANALYZER_NUMBER_OBJECT_CONVERSION = YES_AGGRESSIVE;
				CLANG_CXX_LANGUAGE_STANDARD = "gnu++14";
				CLANG_CXX_LIBRARY = "libc++";
				CLANG_ENABLE_MODULES = YES;
				CLANG_ENABLE_OBJC_ARC = YES;
				CLANG_ENABLE_OBJC_WEAK = YES;
				CLANG_WARN_BLOCK_CAPTURE_AUTORELEASING = YES;
				CLANG_WARN_BOOL_CONVERSION = YES;
				CLANG_WARN_COMMA = YES;
				CLANG_WARN_CONSTANT_CONVERSION = YES;
				CLANG_WARN_DEPRECATED_OBJC_IMPLEMENTATIONS = YES;
				CLANG_WARN_DIRECT_OBJC_ISA_USAGE = YES_ERROR;
				CLANG_WARN_DOCUMENTATION_COMMENTS = YES;
				CLANG_WARN_EMPTY_BODY = YES;
				CLANG_WARN_ENUM_CONVERSION = YES;
				CLANG_WARN_INFINITE_RECURSION = YES;
				CLANG_WARN_INT_CONVERSION = YES;
				CLANG_WARN_NON_LITERAL_NULL_CONVERSION = YES;
				CLANG_WARN_OBJC_IMPLICIT_RETAIN_SELF = YES;
				CLANG_WARN_OBJC_LITERAL_CONVERSION = YES;
				CLANG_WARN_OBJC_ROOT_CLASS = YES_ERROR;
				CLANG_WARN_RANGE_LOOP_ANALYSIS = YES;
				CLANG_WARN_STRICT_PROTOTYPES = YES;
				CLANG_WARN_SUSPICIOUS_MOVE = YES;
				CLANG_WARN_UNGUARDED_AVAILABILITY = YES_AGGRESSIVE;
				CLANG_WARN_UNREACHABLE_CODE = YES;
				CLANG_WARN__DUPLICATE_METHOD_MATCH = YES;
				CODE_SIGN_IDENTITY = "iPhone Developer";
				COPY_PHASE_STRIP = NO;
				DEBUG_INFORMATION_FORMAT = dwarf;
				ENABLE_STRICT_OBJC_MSGSEND = YES;
				ENABLE_TESTABILITY = YES;
				GCC_C_LANGUAGE_STANDARD = gnu11;
				GCC_DYNAMIC_NO_PIC = NO;
				GCC_NO_COMMON_BLOCKS = YES;
				GCC_OPTIMIZATION_LEVEL = 0;
				GCC_PREPROCESSOR_DEFINITIONS = (
					"DEBUG=1",
					"$(inherited)",
				);
				GCC_WARN_64_TO_32_BIT_CONVERSION = YES;
				GCC_WARN_ABOUT_RETURN_TYPE = YES_ERROR;
				GCC_WARN_UNDECLARED_SELECTOR = YES;
				GCC_WARN_UNINITIALIZED_AUTOS = YES_AGGRESSIVE;
				GCC_WARN_UNUSED_FUNCTION = YES;
				GCC_WARN_UNUSED_VARIABLE = YES;
				IPHONEOS_DEPLOYMENT_TARGET = 11.4;
				MTL_ENABLE_DEBUG_INFO = YES;
				ONLY_ACTIVE_ARCH = YES;
				SDKROOT = iphoneos;
			};
			name = Debug;
		};
		B3C943BC20F3441A00AA1D33 /* Release */ = {
			isa = XCBuildConfiguration;
			buildSettings = {
				ALWAYS_SEARCH_USER_PATHS = NO;
				CLANG_ANALYZER_NONNULL = YES;
				CLANG_ANALYZER_NUMBER_OBJECT_CONVERSION = YES_AGGRESSIVE;
				CLANG_CXX_LANGUAGE_STANDARD = "gnu++14";
				CLANG_CXX_LIBRARY = "libc++";
				CLANG_ENABLE_MODULES = YES;
				CLANG_ENABLE_OBJC_ARC = YES;
				CLANG_ENABLE_OBJC_WEAK = YES;
				CLANG_WARN_BLOCK_CAPTURE_AUTORELEASING = YES;
				CLANG_WARN_BOOL_CONVERSION = YES;
				CLANG_WARN_COMMA = YES;
				CLANG_WARN_CONSTANT_CONVERSION = YES;
				CLANG_WARN_DEPRECATED_OBJC_IMPLEMENTATIONS = YES;
				CLANG_WARN_DIRECT_OBJC_ISA_USAGE = YES_ERROR;
				CLANG_WARN_DOCUMENTATION_COMMENTS = YES;
				CLANG_WARN_EMPTY_BODY = YES;
				CLANG_WARN_ENUM_CONVERSION = YES;
				CLANG_WARN_INFINITE_RECURSION = YES;
				CLANG_WARN_INT_CONVERSION = YES;
				CLANG_WARN_NON_LITERAL_NULL_CONVERSION = YES;
				CLANG_WARN_OBJC_IMPLICIT_RETAIN_SELF = YES;
				CLANG_WARN_OBJC_LITERAL_CONVERSION = YES;
				CLANG_WARN_OBJC_ROOT_CLASS = YES_ERROR;
				CLANG_WARN_RANGE_LOOP_ANALYSIS = YES;
				CLANG_WARN_STRICT_PROTOTYPES = YES;
				CLANG_WARN_SUSPICIOUS_MOVE = YES;
				CLANG_WARN_UNGUARDED_AVAILABILITY = YES_AGGRESSIVE;
				CLANG_WARN_UNREACHABLE_CODE = YES;
				CLANG_WARN__DUPLICATE_METHOD_MATCH = YES;
				CODE_SIGN_IDENTITY = "iPhone Developer";
				COPY_PHASE_STRIP = NO;
				DEBUG_INFORMATION_FORMAT = "dwarf-with-dsym";
				ENABLE_NS_ASSERTIONS = NO;
				ENABLE_STRICT_OBJC_MSGSEND = YES;
				GCC_C_LANGUAGE_STANDARD = gnu11;
				GCC_NO_COMMON_BLOCKS = YES;
				GCC_WARN_64_TO_32_BIT_CONVERSION = YES;
				GCC_WARN_ABOUT_RETURN_TYPE = YES_ERROR;
				GCC_WARN_UNDECLARED_SELECTOR = YES;
				GCC_WARN_UNINITIALIZED_AUTOS = YES_AGGRESSIVE;
				GCC_WARN_UNUSED_FUNCTION = YES;
				GCC_WARN_UNUSED_VARIABLE = YES;
				IPHONEOS_DEPLOYMENT_TARGET = 11.4;
				MTL_ENABLE_DEBUG_INFO = NO;
				SDKROOT = iphoneos;
				VALIDATE_PRODUCT = YES;
			};
			name = Release;
		};
		B3C943BE20F3441A00AA1D33 /* Debug */ = {
			isa = XCBuildConfiguration;
			buildSettings = {
				ASSETCATALOG_COMPILER_APPICON_NAME = AppIcon;
				CODE_SIGN_STYLE = Automatic;
				DEVELOPMENT_TEAM = MC4ML6FGRD;
				INFOPLIST_FILE = ALUtilsOC/Info.plist;
				LD_RUNPATH_SEARCH_PATHS = (
					"$(inherited)",
					"@executable_path/Frameworks",
				);
				PRODUCT_BUNDLE_IDENTIFIER = com.aaronleo.ALUtilsOC;
				PRODUCT_NAME = "$(TARGET_NAME)";
				TARGETED_DEVICE_FAMILY = "1,2";
			};
			name = Debug;
		};
		B3C943BF20F3441A00AA1D33 /* Release */ = {
			isa = XCBuildConfiguration;
			buildSettings = {
				ASSETCATALOG_COMPILER_APPICON_NAME = AppIcon;
				CODE_SIGN_STYLE = Automatic;
				DEVELOPMENT_TEAM = MC4ML6FGRD;
				INFOPLIST_FILE = ALUtilsOC/Info.plist;
				LD_RUNPATH_SEARCH_PATHS = (
					"$(inherited)",
					"@executable_path/Frameworks",
				);
				PRODUCT_BUNDLE_IDENTIFIER = com.aaronleo.ALUtilsOC;
				PRODUCT_NAME = "$(TARGET_NAME)";
				TARGETED_DEVICE_FAMILY = "1,2";
			};
			name = Release;
		};
		B3C943C120F3441A00AA1D33 /* Debug */ = {
			isa = XCBuildConfiguration;
			buildSettings = {
				BUNDLE_LOADER = "$(TEST_HOST)";
				CODE_SIGN_STYLE = Automatic;
				DEVELOPMENT_TEAM = MC4ML6FGRD;
				INFOPLIST_FILE = ALUtilsOCTests/Info.plist;
				LD_RUNPATH_SEARCH_PATHS = (
					"$(inherited)",
					"@executable_path/Frameworks",
					"@loader_path/Frameworks",
				);
				PRODUCT_BUNDLE_IDENTIFIER = com.aaronleo.ALUtilsOCTests;
				PRODUCT_NAME = "$(TARGET_NAME)";
				TARGETED_DEVICE_FAMILY = "1,2";
				TEST_HOST = "$(BUILT_PRODUCTS_DIR)/ALUtilsOC.app/ALUtilsOC";
			};
			name = Debug;
		};
		B3C943C220F3441A00AA1D33 /* Release */ = {
			isa = XCBuildConfiguration;
			buildSettings = {
				BUNDLE_LOADER = "$(TEST_HOST)";
				CODE_SIGN_STYLE = Automatic;
				DEVELOPMENT_TEAM = MC4ML6FGRD;
				INFOPLIST_FILE = ALUtilsOCTests/Info.plist;
				LD_RUNPATH_SEARCH_PATHS = (
					"$(inherited)",
					"@executable_path/Frameworks",
					"@loader_path/Frameworks",
				);
				PRODUCT_BUNDLE_IDENTIFIER = com.aaronleo.ALUtilsOCTests;
				PRODUCT_NAME = "$(TARGET_NAME)";
				TARGETED_DEVICE_FAMILY = "1,2";
				TEST_HOST = "$(BUILT_PRODUCTS_DIR)/ALUtilsOC.app/ALUtilsOC";
			};
			name = Release;
		};
		B3C943C420F3441A00AA1D33 /* Debug */ = {
			isa = XCBuildConfiguration;
			buildSettings = {
				CODE_SIGN_STYLE = Automatic;
				DEVELOPMENT_TEAM = MC4ML6FGRD;
				INFOPLIST_FILE = ALUtilsOCUITests/Info.plist;
				LD_RUNPATH_SEARCH_PATHS = (
					"$(inherited)",
					"@executable_path/Frameworks",
					"@loader_path/Frameworks",
				);
				PRODUCT_BUNDLE_IDENTIFIER = com.aaronleo.ALUtilsOCUITests;
				PRODUCT_NAME = "$(TARGET_NAME)";
				TARGETED_DEVICE_FAMILY = "1,2";
				TEST_TARGET_NAME = ALUtilsOC;
			};
			name = Debug;
		};
		B3C943C520F3441A00AA1D33 /* Release */ = {
			isa = XCBuildConfiguration;
			buildSettings = {
				CODE_SIGN_STYLE = Automatic;
				DEVELOPMENT_TEAM = MC4ML6FGRD;
				INFOPLIST_FILE = ALUtilsOCUITests/Info.plist;
				LD_RUNPATH_SEARCH_PATHS = (
					"$(inherited)",
					"@executable_path/Frameworks",
					"@loader_path/Frameworks",
				);
				PRODUCT_BUNDLE_IDENTIFIER = com.aaronleo.ALUtilsOCUITests;
				PRODUCT_NAME = "$(TARGET_NAME)";
				TARGETED_DEVICE_FAMILY = "1,2";
				TEST_TARGET_NAME = ALUtilsOC;
			};
			name = Release;
		};
/* End XCBuildConfiguration section */

/* Begin XCConfigurationList section */
		B3C9438C20F3441500AA1D33 /* Build configuration list for PBXProject "ALUtilsOC" */ = {
			isa = XCConfigurationList;
			buildConfigurations = (
				B3C943BB20F3441A00AA1D33 /* Debug */,
				B3C943BC20F3441A00AA1D33 /* Release */,
			);
			defaultConfigurationIsVisible = 0;
			defaultConfigurationName = Release;
		};
		B3C943BD20F3441A00AA1D33 /* Build configuration list for PBXNativeTarget "ALUtilsOC" */ = {
			isa = XCConfigurationList;
			buildConfigurations = (
				B3C943BE20F3441A00AA1D33 /* Debug */,
				B3C943BF20F3441A00AA1D33 /* Release */,
			);
			defaultConfigurationIsVisible = 0;
			defaultConfigurationName = Release;
		};
		B3C943C020F3441A00AA1D33 /* Build configuration list for PBXNativeTarget "ALUtilsOCTests" */ = {
			isa = XCConfigurationList;
			buildConfigurations = (
				B3C943C120F3441A00AA1D33 /* Debug */,
				B3C943C220F3441A00AA1D33 /* Release */,
			);
			defaultConfigurationIsVisible = 0;
			defaultConfigurationName = Release;
		};
		B3C943C320F3441A00AA1D33 /* Build configuration list for PBXNativeTarget "ALUtilsOCUITests" */ = {
			isa = XCConfigurationList;
			buildConfigurations = (
				B3C943C420F3441A00AA1D33 /* Debug */,
				B3C943C520F3441A00AA1D33 /* Release */,
			);
			defaultConfigurationIsVisible = 0;
			defaultConfigurationName = Release;
		};
/* End XCConfigurationList section */
	};
	rootObject = B3C9438920F3441500AA1D33 /* Project object */;
}
